
Microsoft Visual Studio Solution File, Format Version 12.00
# Visual Studio Version 17
VisualStudioVersion = 17.3.32804.467
MinimumVisualStudioVersion = 10.0.40219.1
Project("{FAE04EC0-301F-11D3-BF4B-00C04F79EFBC}") = "PartyPlanner", "PartyPlanner\PartyPlanner.csproj", "{FF10CF3A-9604-4C35-84AA-75CDBAB4CAFD}"
EndProject
Project("{00D1A9C2-B5F0-4AF3-8072-F6C62B433612}") = "PartyPlannerSQLDB", "PartyPlannerSQLDB\PartyPlannerSQLDB.sqlproj", "{59B4E290-E658-4981-B841-E269EB09ADF5}"
EndProject
Global
	GlobalSection(SolutionConfigurationPlatforms) = preSolution
		Debug|Any CPU = Debug|Any CPU
		Release|Any CPU = Release|Any CPU
	EndGlobalSection
	GlobalSection(ProjectConfigurationPlatforms) = postSolution
		{FF10CF3A-9604-4C35-84AA-75CDBAB4CAFD}.Debug|Any CPU.ActiveCfg = Debug|Any CPU
		{FF10CF3A-9604-4C35-84AA-75CDBAB4CAFD}.Debug|Any CPU.Build.0 = Debug|Any CPU
		{FF10CF3A-9604-4C35-84AA-75CDBAB4CAFD}.Release|Any CPU.ActiveCfg = Release|Any CPU
		{FF10CF3A-9604-4C35-84AA-75CDBAB4CAFD}.Release|Any CPU.Build.0 = Release|Any CPU
		{59B4E290-E658-4981-B841-E269EB09ADF5}.Debug|Any CPU.ActiveCfg = Debug|Any CPU
		{59B4E290-E658-4981-B841-E269EB09ADF5}.Debug|Any CPU.Build.0 = Debug|Any CPU
		{59B4E290-E658-4981-B841-E269EB09ADF5}.Debug|Any CPU.Deploy.0 = Debug|Any CPU
		{59B4E290-E658-4981-B841-E269EB09ADF5}.Release|Any CPU.ActiveCfg = Release|Any CPU
		{59B4E290-E658-4981-B841-E269EB09ADF5}.Release|Any CPU.Build.0 = Release|Any CPU
		{59B4E290-E658-4981-B841-E269EB09ADF5}.Release|Any CPU.Deploy.0 = Release|Any CPU
	EndGlobalSection
	GlobalSection(SolutionProperties) = preSolution
		HideSolutionNode = FALSE
	EndGlobalSection
	GlobalSection(ExtensibilityGlobals) = postSolution
		SolutionGuid = {9DF5388B-6A7D-4B5B-93FF-48CB65EF208D}
	EndGlobalSection
EndGlobal
